
Microsoft Visual Studio Solution File, Format Version 12.00
# Visual Studio Version 17
VisualStudioVersion = 17.1.31911.260
MinimumVisualStudioVersion = 10.0.40219.1
Project("{FAE04EC0-301F-11D3-BF4B-00C04F79EFBC}") = "ConvertPdfToZpl", "ConvertPdfToZpl\ConvertPdfToZpl.csproj", "{51B75BF5-558B-49D7-8826-8D782BF00868}"
EndProject
Global
	GlobalSection(SolutionConfigurationPlatforms) = preSolution
		Debug|Any CPU = Debug|Any CPU
		Release|Any CPU = Release|Any CPU
	EndGlobalSection
	GlobalSection(ProjectConfigurationPlatforms) = postSolution
		{51B75BF5-558B-49D7-8826-8D782BF00868}.Debug|Any CPU.ActiveCfg = Debug|Any CPU
		{51B75BF5-558B-49D7-8826-8D782BF00868}.Debug|Any CPU.Build.0 = Debug|Any CPU
		{51B75BF5-558B-49D7-8826-8D782BF00868}.Release|Any CPU.ActiveCfg = Release|Any CPU
		{51B75BF5-558B-49D7-8826-8D782BF00868}.Release|Any CPU.Build.0 = Release|Any CPU
	EndGlobalSection
	GlobalSection(SolutionProperties) = preSolution
		HideSolutionNode = FALSE
	EndGlobalSection
	GlobalSection(ExtensibilityGlobals) = postSolution
		SolutionGuid = {8D807FB8-BA8D-4F51-A0A6-F9F8E443735C}
	EndGlobalSection
EndGlobal
